
Microsoft Visual Studio Solution File, Format Version 12.00
# Visual Studio Version 16
VisualStudioVersion = 16.0.31729.503
MinimumVisualStudioVersion = 10.0.40219.1
Project("{FAE04EC0-301F-11D3-BF4B-00C04F79EFBC}") = "200864D_AS_SITCONNECT", "200864D_AS_SITCONNECT.csproj", "{C73F3CB0-9ED1-45D8-A89C-6DC70B530CB8}"
EndProject
Global
	GlobalSection(SolutionConfigurationPlatforms) = preSolution
		Debug|Any CPU = Debug|Any CPU
		Release|Any CPU = Release|Any CPU
	EndGlobalSection
	GlobalSection(ProjectConfigurationPlatforms) = postSolution
		{C73F3CB0-9ED1-45D8-A89C-6DC70B530CB8}.Debug|Any CPU.ActiveCfg = Debug|Any CPU
		{C73F3CB0-9ED1-45D8-A89C-6DC70B530CB8}.Debug|Any CPU.Build.0 = Debug|Any CPU
		{C73F3CB0-9ED1-45D8-A89C-6DC70B530CB8}.Release|Any CPU.ActiveCfg = Release|Any CPU
		{C73F3CB0-9ED1-45D8-A89C-6DC70B530CB8}.Release|Any CPU.Build.0 = Release|Any CPU
	EndGlobalSection
	GlobalSection(SolutionProperties) = preSolution
		HideSolutionNode = FALSE
	EndGlobalSection
	GlobalSection(ExtensibilityGlobals) = postSolution
		SolutionGuid = {C1666338-6A22-4871-ABFC-F0E2AF0E80C5}
	EndGlobalSection
EndGlobal
